github.com/codyoss/newtype v0.4.1 h1:Sf/pdLKOqqgiJMyJ4Zp7w332qnlJTrChE4xt+UUg8fg=
github.com/codyoss/newtype v0.4.1/go.mod h1:Ylcama5cNrJP18BGhkmoAuVrz6ChqXmO0gfIWCFnpJY=
github.com/codyoss/newtype v0.4.2-0.20220627165548-704dc85f1052 h1:wp0npgC71hchSUyR3GfuTwK87tia+m9gFGxH6D9SaKY=
github.com/codyoss/newtype v0.4.2-0.20220627165548-704dc85f1052/go.mod h1:Ylcama5cNrJP18BGhkmoAuVrz6ChqXmO0gfIWCFnpJY=
